
Microsoft Visual Studio Solution File, Format Version 12.00
# Visual Studio Version 16
VisualStudioVersion = 16.0.30225.117
MinimumVisualStudioVersion = 10.0.40219.1
Project("{FAE04EC0-301F-11D3-BF4B-00C04F79EFBC}") = "MVCBasics", "MVCBasics\MVCBasics.csproj", "{52696497-1A18-4AA2-9518-9B02DDA05188}"
EndProject
Global
	GlobalSection(SolutionConfigurationPlatforms) = preSolution
		Debug|Any CPU = Debug|Any CPU
		Release|Any CPU = Release|Any CPU
	EndGlobalSection
	GlobalSection(ProjectConfigurationPlatforms) = postSolution
		{52696497-1A18-4AA2-9518-9B02DDA05188}.Debug|Any CPU.ActiveCfg = Debug|Any CPU
		{52696497-1A18-4AA2-9518-9B02DDA05188}.Debug|Any CPU.Build.0 = Debug|Any CPU
		{52696497-1A18-4AA2-9518-9B02DDA05188}.Release|Any CPU.ActiveCfg = Release|Any CPU
		{52696497-1A18-4AA2-9518-9B02DDA05188}.Release|Any CPU.Build.0 = Release|Any CPU
	EndGlobalSection
	GlobalSection(SolutionProperties) = preSolution
		HideSolutionNode = FALSE
	EndGlobalSection
	GlobalSection(ExtensibilityGlobals) = postSolution
		SolutionGuid = {D43DDDD2-6603-451C-9ABA-77D9D51725B5}
	EndGlobalSection
EndGlobal
